
Microsoft Visual Studio Solution File, Format Version 12.00
# Visual Studio 2013
VisualStudioVersion = 12.0.21005.1
MinimumVisualStudioVersion = 10.0.40219.1
Project("{FAE04EC0-301F-11D3-BF4B-00C04F79EFBC}") = "HelloConsole", "HelloConsole\HelloConsole.csproj", "{C27B8F60-56E3-4333-82F2-8E6514ED19CA}"
EndProject
Global
	GlobalSection(SolutionConfigurationPlatforms) = preSolution
		Debug|Any CPU = Debug|Any CPU
		Release|Any CPU = Release|Any CPU
	EndGlobalSection
	GlobalSection(ProjectConfigurationPlatforms) = postSolution
		{C27B8F60-56E3-4333-82F2-8E6514ED19CA}.Debug|Any CPU.ActiveCfg = Debug|Any CPU
		{C27B8F60-56E3-4333-82F2-8E6514ED19CA}.Debug|Any CPU.Build.0 = Debug|Any CPU
		{C27B8F60-56E3-4333-82F2-8E6514ED19CA}.Release|Any CPU.ActiveCfg = Release|Any CPU
		{C27B8F60-56E3-4333-82F2-8E6514ED19CA}.Release|Any CPU.Build.0 = Release|Any CPU
	EndGlobalSection
	GlobalSection(SolutionProperties) = preSolution
		HideSolutionNode = FALSE
	EndGlobalSection
EndGlobal
