
Microsoft Visual Studio Solution File, Format Version 12.00
# Visual Studio 2013
VisualStudioVersion = 12.0.21005.1
MinimumVisualStudioVersion = 10.0.40219.1
Project("{FAE04EC0-301F-11D3-BF4B-00C04F79EFBC}") = "WineGlass", "WineGlass\WineGlass.csproj", "{EFE831E8-42CF-45B1-9DC1-EF584B5F905C}"
EndProject
Project("{FAE04EC0-301F-11D3-BF4B-00C04F79EFBC}") = "Arrow", "Arrow\Arrow.csproj", "{A230A352-7421-4770-8946-9814301DB51F}"
EndProject
Project("{FAE04EC0-301F-11D3-BF4B-00C04F79EFBC}") = "House", "House\House.csproj", "{1B946853-5871-4A65-967B-CF7B66E2CFC0}"
EndProject
Project("{FAE04EC0-301F-11D3-BF4B-00C04F79EFBC}") = "HouseWithWindow", "HouseWithWindow\HouseWithWindow.csproj", "{2C8CDE86-6734-4038-AE8D-D453A0DCDF94}"
EndProject
Project("{FAE04EC0-301F-11D3-BF4B-00C04F79EFBC}") = "PandaFlag", "PandaFlag\PandaFlag.csproj", "{583C2F4F-6607-4A69-A313-5E56C68AA0A3}"
EndProject
Global
	GlobalSection(SolutionConfigurationPlatforms) = preSolution
		Debug|Any CPU = Debug|Any CPU
		Release|Any CPU = Release|Any CPU
	EndGlobalSection
	GlobalSection(ProjectConfigurationPlatforms) = postSolution
		{EFE831E8-42CF-45B1-9DC1-EF584B5F905C}.Debug|Any CPU.ActiveCfg = Debug|Any CPU
		{EFE831E8-42CF-45B1-9DC1-EF584B5F905C}.Debug|Any CPU.Build.0 = Debug|Any CPU
		{EFE831E8-42CF-45B1-9DC1-EF584B5F905C}.Release|Any CPU.ActiveCfg = Release|Any CPU
		{EFE831E8-42CF-45B1-9DC1-EF584B5F905C}.Release|Any CPU.Build.0 = Release|Any CPU
		{A230A352-7421-4770-8946-9814301DB51F}.Debug|Any CPU.ActiveCfg = Debug|Any CPU
		{A230A352-7421-4770-8946-9814301DB51F}.Debug|Any CPU.Build.0 = Debug|Any CPU
		{A230A352-7421-4770-8946-9814301DB51F}.Release|Any CPU.ActiveCfg = Release|Any CPU
		{A230A352-7421-4770-8946-9814301DB51F}.Release|Any CPU.Build.0 = Release|Any CPU
		{1B946853-5871-4A65-967B-CF7B66E2CFC0}.Debug|Any CPU.ActiveCfg = Debug|Any CPU
		{1B946853-5871-4A65-967B-CF7B66E2CFC0}.Debug|Any CPU.Build.0 = Debug|Any CPU
		{1B946853-5871-4A65-967B-CF7B66E2CFC0}.Release|Any CPU.ActiveCfg = Release|Any CPU
		{1B946853-5871-4A65-967B-CF7B66E2CFC0}.Release|Any CPU.Build.0 = Release|Any CPU
		{2C8CDE86-6734-4038-AE8D-D453A0DCDF94}.Debug|Any CPU.ActiveCfg = Debug|Any CPU
		{2C8CDE86-6734-4038-AE8D-D453A0DCDF94}.Debug|Any CPU.Build.0 = Debug|Any CPU
		{2C8CDE86-6734-4038-AE8D-D453A0DCDF94}.Release|Any CPU.ActiveCfg = Release|Any CPU
		{2C8CDE86-6734-4038-AE8D-D453A0DCDF94}.Release|Any CPU.Build.0 = Release|Any CPU
		{583C2F4F-6607-4A69-A313-5E56C68AA0A3}.Debug|Any CPU.ActiveCfg = Debug|Any CPU
		{583C2F4F-6607-4A69-A313-5E56C68AA0A3}.Debug|Any CPU.Build.0 = Debug|Any CPU
		{583C2F4F-6607-4A69-A313-5E56C68AA0A3}.Release|Any CPU.ActiveCfg = Release|Any CPU
		{583C2F4F-6607-4A69-A313-5E56C68AA0A3}.Release|Any CPU.Build.0 = Release|Any CPU
	EndGlobalSection
	GlobalSection(SolutionProperties) = preSolution
		HideSolutionNode = FALSE
	EndGlobalSection
EndGlobal
